
Microsoft Visual Studio Solution File, Format Version 12.00
Project("{FAE04EC0-301F-11D3-BF4B-00C04F79EFBC}") = "Myteka.ExternalApi", "Myteka.ExternalApi\Myteka.ExternalApi.csproj", "{5E7CE7C0-A45B-455F-BAE2-29DFFBC70EFB}"
EndProject
Project("{FAE04EC0-301F-11D3-BF4B-00C04F79EFBC}") = "Myteka.Users", "Myteka.Users\Myteka.Users.csproj", "{AAD0D746-B2ED-4DBD-AEBC-588BEE07ED53}"
EndProject
Project("{FAE04EC0-301F-11D3-BF4B-00C04F79EFBC}") = "Myteka.Search", "Myteka.Search\Myteka.Search.csproj", "{C0E55A3E-ED2A-4A68-9391-CF28C1E76FFD}"
EndProject
Project("{FAE04EC0-301F-11D3-BF4B-00C04F79EFBC}") = "Myteka.Infrastructure", "Myteka.Infrastructure\Myteka.Infrastructure.csproj", "{84812468-EE4A-44E0-9007-668ADD8FC2D6}"
EndProject
Project("{FAE04EC0-301F-11D3-BF4B-00C04F79EFBC}") = "Myteka.Content", "Myteka.Content\Myteka.Content.csproj", "{DD235A85-BF11-45A2-9E4F-25B2ADF58210}"
EndProject
Project("{FAE04EC0-301F-11D3-BF4B-00C04F79EFBC}") = "Myteka.FileRepository", "Myteka.FileRepository\Myteka.FileRepository.csproj", "{574CF9AE-4034-4051-B444-95C0170EC1C7}"
EndProject
Project("{2150E333-8FDC-42A3-9474-1A3956D46DE8}") = "Libraries", "Libraries", "{24AE0D9A-9091-429C-B1F6-502FE581E3CF}"
EndProject
Project("{2150E333-8FDC-42A3-9474-1A3956D46DE8}") = "Web", "Web", "{096DA7B6-A226-4065-9AC6-3183F72E9208}"
EndProject
Project("{FAE04EC0-301F-11D3-BF4B-00C04F79EFBC}") = "Myteka.Models", "Myteka.Models\Myteka.Models.csproj", "{9E6B373D-5920-4469-A85E-660C99A816CE}"
EndProject
Project("{2150E333-8FDC-42A3-9474-1A3956D46DE8}") = "Tests", "Tests", "{27380365-DF0E-43C3-993E-9F3CB4DE4B45}"
EndProject
Project("{FAE04EC0-301F-11D3-BF4B-00C04F79EFBC}") = "Myteka.Tests", "Myteka.Tests\Myteka.Tests.csproj", "{5EDCE874-5C18-4C31-B246-5EEFC971E75D}"
EndProject
Project("{FAE04EC0-301F-11D3-BF4B-00C04F79EFBC}") = "Myteka.Configuration", "Myteka.Configuration\Myteka.Configuration.csproj", "{B9069053-6550-40EB-B72F-441CDC750601}"
EndProject
Global
	GlobalSection(SolutionConfigurationPlatforms) = preSolution
		Debug|Any CPU = Debug|Any CPU
		Release|Any CPU = Release|Any CPU
	EndGlobalSection
	GlobalSection(ProjectConfigurationPlatforms) = postSolution
		{5E7CE7C0-A45B-455F-BAE2-29DFFBC70EFB}.Debug|Any CPU.ActiveCfg = Debug|Any CPU
		{5E7CE7C0-A45B-455F-BAE2-29DFFBC70EFB}.Debug|Any CPU.Build.0 = Debug|Any CPU
		{5E7CE7C0-A45B-455F-BAE2-29DFFBC70EFB}.Release|Any CPU.ActiveCfg = Release|Any CPU
		{5E7CE7C0-A45B-455F-BAE2-29DFFBC70EFB}.Release|Any CPU.Build.0 = Release|Any CPU
		{AAD0D746-B2ED-4DBD-AEBC-588BEE07ED53}.Debug|Any CPU.ActiveCfg = Debug|Any CPU
		{AAD0D746-B2ED-4DBD-AEBC-588BEE07ED53}.Debug|Any CPU.Build.0 = Debug|Any CPU
		{AAD0D746-B2ED-4DBD-AEBC-588BEE07ED53}.Release|Any CPU.ActiveCfg = Release|Any CPU
		{AAD0D746-B2ED-4DBD-AEBC-588BEE07ED53}.Release|Any CPU.Build.0 = Release|Any CPU
		{C0E55A3E-ED2A-4A68-9391-CF28C1E76FFD}.Debug|Any CPU.ActiveCfg = Debug|Any CPU
		{C0E55A3E-ED2A-4A68-9391-CF28C1E76FFD}.Debug|Any CPU.Build.0 = Debug|Any CPU
		{C0E55A3E-ED2A-4A68-9391-CF28C1E76FFD}.Release|Any CPU.ActiveCfg = Release|Any CPU
		{C0E55A3E-ED2A-4A68-9391-CF28C1E76FFD}.Release|Any CPU.Build.0 = Release|Any CPU
		{84812468-EE4A-44E0-9007-668ADD8FC2D6}.Debug|Any CPU.ActiveCfg = Debug|Any CPU
		{84812468-EE4A-44E0-9007-668ADD8FC2D6}.Debug|Any CPU.Build.0 = Debug|Any CPU
		{84812468-EE4A-44E0-9007-668ADD8FC2D6}.Release|Any CPU.ActiveCfg = Release|Any CPU
		{84812468-EE4A-44E0-9007-668ADD8FC2D6}.Release|Any CPU.Build.0 = Release|Any CPU
		{DD235A85-BF11-45A2-9E4F-25B2ADF58210}.Debug|Any CPU.ActiveCfg = Debug|Any CPU
		{DD235A85-BF11-45A2-9E4F-25B2ADF58210}.Debug|Any CPU.Build.0 = Debug|Any CPU
		{DD235A85-BF11-45A2-9E4F-25B2ADF58210}.Release|Any CPU.ActiveCfg = Release|Any CPU
		{DD235A85-BF11-45A2-9E4F-25B2ADF58210}.Release|Any CPU.Build.0 = Release|Any CPU
		{574CF9AE-4034-4051-B444-95C0170EC1C7}.Debug|Any CPU.ActiveCfg = Debug|Any CPU
		{574CF9AE-4034-4051-B444-95C0170EC1C7}.Debug|Any CPU.Build.0 = Debug|Any CPU
		{574CF9AE-4034-4051-B444-95C0170EC1C7}.Release|Any CPU.ActiveCfg = Release|Any CPU
		{574CF9AE-4034-4051-B444-95C0170EC1C7}.Release|Any CPU.Build.0 = Release|Any CPU
		{9E6B373D-5920-4469-A85E-660C99A816CE}.Debug|Any CPU.ActiveCfg = Debug|Any CPU
		{9E6B373D-5920-4469-A85E-660C99A816CE}.Debug|Any CPU.Build.0 = Debug|Any CPU
		{9E6B373D-5920-4469-A85E-660C99A816CE}.Release|Any CPU.ActiveCfg = Release|Any CPU
		{9E6B373D-5920-4469-A85E-660C99A816CE}.Release|Any CPU.Build.0 = Release|Any CPU
		{5EDCE874-5C18-4C31-B246-5EEFC971E75D}.Debug|Any CPU.ActiveCfg = Debug|Any CPU
		{5EDCE874-5C18-4C31-B246-5EEFC971E75D}.Debug|Any CPU.Build.0 = Debug|Any CPU
		{5EDCE874-5C18-4C31-B246-5EEFC971E75D}.Release|Any CPU.ActiveCfg = Release|Any CPU
		{5EDCE874-5C18-4C31-B246-5EEFC971E75D}.Release|Any CPU.Build.0 = Release|Any CPU
		{B9069053-6550-40EB-B72F-441CDC750601}.Debug|Any CPU.ActiveCfg = Debug|Any CPU
		{B9069053-6550-40EB-B72F-441CDC750601}.Debug|Any CPU.Build.0 = Debug|Any CPU
		{B9069053-6550-40EB-B72F-441CDC750601}.Release|Any CPU.ActiveCfg = Release|Any CPU
		{B9069053-6550-40EB-B72F-441CDC750601}.Release|Any CPU.Build.0 = Release|Any CPU
	EndGlobalSection
	GlobalSection(NestedProjects) = preSolution
		{574CF9AE-4034-4051-B444-95C0170EC1C7} = {24AE0D9A-9091-429C-B1F6-502FE581E3CF}
		{DD235A85-BF11-45A2-9E4F-25B2ADF58210} = {096DA7B6-A226-4065-9AC6-3183F72E9208}
		{5E7CE7C0-A45B-455F-BAE2-29DFFBC70EFB} = {096DA7B6-A226-4065-9AC6-3183F72E9208}
		{84812468-EE4A-44E0-9007-668ADD8FC2D6} = {096DA7B6-A226-4065-9AC6-3183F72E9208}
		{C0E55A3E-ED2A-4A68-9391-CF28C1E76FFD} = {096DA7B6-A226-4065-9AC6-3183F72E9208}
		{AAD0D746-B2ED-4DBD-AEBC-588BEE07ED53} = {096DA7B6-A226-4065-9AC6-3183F72E9208}
		{9E6B373D-5920-4469-A85E-660C99A816CE} = {24AE0D9A-9091-429C-B1F6-502FE581E3CF}
		{5EDCE874-5C18-4C31-B246-5EEFC971E75D} = {27380365-DF0E-43C3-993E-9F3CB4DE4B45}
		{B9069053-6550-40EB-B72F-441CDC750601} = {24AE0D9A-9091-429C-B1F6-502FE581E3CF}
	EndGlobalSection
EndGlobal
